{
  "version": 1,
  "dependencies": {
    "net10.0": {
      "EasyCaching.Disk": {
        "type": "Direct",
        "requested": "[1.9.2, )",
        "resolved": "1.9.2",
        "contentHash": "5LXQutSoGxX2JDKs4nAewXy5rPmMaRlHdF3zPcdKuDDXEuf67fsBI4AAQxiaGDsvPMeD9rRM5TruA6PB27c5Sg==",
        "dependencies": {
          "EasyCaching.Core": "1.9.2"
        }
      },
      "EasyCaching.Serialization.Json": {
        "type": "Direct",
        "requested": "[1.9.2, )",
        "resolved": "1.9.2",
        "contentHash": "1dAu1iLDOEWurh1z3Y61cSzEGUZXLYjsHxONA6yt5vmhUwnPH7jv8p9t/Q540vQm5U+mQbc1uKqAlTts8V3a/Q==",
        "dependencies": {
          "EasyCaching.Core": "1.9.2",
          "Newtonsoft.Json": "13.0.1"
        }
      },
      "EasyCaching.Serialization.SystemTextJson": {
        "type": "Direct",
        "requested": "[1.9.2, )",
        "resolved": "1.9.2",
        "contentHash": "7SZ7DbN8EC2YPXS2BHM3WZ3lUkvI35zIan6jlOKO+OnkYgGBgNYn/3zcqgiZUj4zcZrSjh3asg/57wUFxNWXQg==",
        "dependencies": {
          "EasyCaching.Core": "1.9.2"
        }
      },
      "Octokit": {
        "type": "Direct",
        "requested": "[14.0.0, )",
        "resolved": "14.0.0",
        "contentHash": "jGOuTH1l+TCpJH+fwYOp7USzHDuGfN1jKbLz3J2COwyn+wL08eynvpnM6rY2qkzIEXum3PN2p2QkP3BW/p9Qcw=="
      },
      "Semver": {
        "type": "Direct",
        "requested": "[3.0.0, )",
        "resolved": "3.0.0",
        "contentHash": "9jZCicsVgTebqkAujRWtC9J1A5EQVlu0TVKHcgoCuv345ve5DYf4D1MjhKEnQjdRZo6x/vdv6QQrYFs7ilGzLA==",
        "dependencies": {
          "Microsoft.Extensions.Primitives": "5.0.1"
        }
      },
      "Spectre.Console": {
        "type": "Direct",
        "requested": "[0.50.0, )",
        "resolved": "0.50.0",
        "contentHash": "gkwYncFqMjlPF6Yz8KeVsKWpdfv15sr6uKm+vXVa/8Q4tvx52LPzMQOO5m+bXwI3AGGFeY3cok3ZJbguYizswg=="
      },
      "Spectre.Console.Cli": {
        "type": "Direct",
        "requested": "[0.50.0, )",
        "resolved": "0.50.0",
        "contentHash": "PrctsupqHEbyoP/iRL30awUWB0Z91i21myKl70qcPwoH6marEPkPyaPgzc37xFm9QSx+/jVBQGUH7tsn0mWGNQ==",
        "dependencies": {
          "Spectre.Console": "0.50.0"
        }
      },
      "StreamJsonRpc": {
        "type": "Direct",
        "requested": "[2.22.11, )",
        "resolved": "2.22.11",
        "contentHash": "TQcqBFswLNpdSJANjhxZmIIe0Yl0kGqzjZ+uHLdhrkxntofvNu6C53XPEEYQ3Wkj8AorKumkuv/VMvTH4BHOZw==",
        "dependencies": {
          "MessagePack": "2.5.192",
          "Microsoft.VisualStudio.Threading.Only": "17.13.61",
          "Microsoft.VisualStudio.Validation": "17.8.8",
          "Nerdbank.Streams": "2.12.87",
          "Newtonsoft.Json": "13.0.3"
        }
      },
      "YamlDotNet": {
        "type": "Direct",
        "requested": "[16.3.0, )",
        "resolved": "16.3.0",
        "contentHash": "SgMOdxbz8X65z8hraIs6hOEdnkH6hESTAIUa7viEngHOYaH+6q5XJmwr1+yb9vJpNQ19hCQY69xbFsLtXpobQA=="
      },
      "EasyCaching.Core": {
        "type": "Transitive",
        "resolved": "1.9.2",
        "contentHash": "26gxpME2bJpOgF5H/ih3Xi48+GvpRHcPs0ifUwL3IUv3ya7G1rURxRz0LzuhiYQ3YtzpR5VgdK1PDX+tIrq69w==",
        "dependencies": {
          "Microsoft.Extensions.DependencyInjection": "6.0.0",
          "Microsoft.Extensions.Logging": "6.0.0",
          "Microsoft.Extensions.Options.ConfigurationExtensions": "6.0.0"
        }
      },
      "MessagePack": {
        "type": "Transitive",
        "resolved": "2.5.192",
        "contentHash": "Jtle5MaFeIFkdXtxQeL9Tu2Y3HsAQGoSntOzrn6Br/jrl6c8QmG22GEioT5HBtZJR0zw0s46OnKU8ei2M3QifA==",
        "dependencies": {
          "MessagePack.Annotations": "2.5.192",
          "Microsoft.NET.StringTools": "17.6.3"
        }
      },
      "MessagePack.Annotations": {
        "type": "Transitive",
        "resolved": "2.5.192",
        "contentHash": "jaJuwcgovWIZ8Zysdyf3b7b34/BrADw4v82GaEZymUhDd3ScMPrYd/cttekeDteJJPXseJxp04yTIcxiVUjTWg=="
      },
      "Microsoft.Extensions.Configuration.Abstractions": {
        "type": "Transitive",
        "resolved": "6.0.0",
        "contentHash": "qWzV9o+ZRWq+pGm+1dF+R7qTgTYoXvbyowRoBxQJGfqTpqDun2eteerjRQhq5PQ/14S+lqto3Ft4gYaRyl4rdQ==",
        "dependencies": {
          "Microsoft.Extensions.Primitives": "6.0.0"
        }
      },
      "Microsoft.Extensions.Configuration.Binder": {
        "type": "Transitive",
        "resolved": "6.0.0",
        "contentHash": "b3ErKzND8LIC7o08QAVlKfaEIYEvLJbtmVbFZVBRXeu9YkKfSSzLZfR1SUfQPBIy9mKLhEtJgGYImkcMNaKE0A==",
        "dependencies": {
          "Microsoft.Extensions.Configuration.Abstractions": "6.0.0"
        }
      },
      "Microsoft.Extensions.DependencyInjection": {
        "type": "Transitive",
        "resolved": "6.0.0",
        "contentHash": "k6PWQMuoBDGGHOQTtyois2u4AwyVcIwL2LaSLlTZQm2CYcJ1pxbt6jfAnpWmzENA/wfrYRI/X9DTLoUkE4AsLw==",
        "dependencies": {
          "Microsoft.Extensions.DependencyInjection.Abstractions": "6.0.0"
        }
      },
      "Microsoft.Extensions.DependencyInjection.Abstractions": {
        "type": "Transitive",
        "resolved": "6.0.0",
        "contentHash": "xlzi2IYREJH3/m6+lUrQlujzX8wDitm4QGnUu6kUXTQAWPuZY8i+ticFJbzfqaetLA6KR/rO6Ew/HuYD+bxifg=="
      },
      "Microsoft.Extensions.Logging": {
        "type": "Transitive",
        "resolved": "6.0.0",
        "contentHash": "eIbyj40QDg1NDz0HBW0S5f3wrLVnKWnDJ/JtZ+yJDFnDj90VoPuoPmFkeaXrtu+0cKm5GRAwoDf+dBWXK0TUdg==",
        "dependencies": {
          "Microsoft.Extensions.DependencyInjection": "6.0.0",
          "Microsoft.Extensions.DependencyInjection.Abstractions": "6.0.0",
          "Microsoft.Extensions.Logging.Abstractions": "6.0.0",
          "Microsoft.Extensions.Options": "6.0.0"
        }
      },
      "Microsoft.Extensions.Logging.Abstractions": {
        "type": "Transitive",
        "resolved": "6.0.0",
        "contentHash": "/HggWBbTwy8TgebGSX5DBZ24ndhzi93sHUBDvP1IxbZD7FDokYzdAr6+vbWGjw2XAfR2EJ1sfKUotpjHnFWPxA=="
      },
      "Microsoft.Extensions.Options": {
        "type": "Transitive",
        "resolved": "6.0.0",
        "contentHash": "dzXN0+V1AyjOe2xcJ86Qbo233KHuLEY0njf/P2Kw8SfJU+d45HNS2ctJdnEnrWbM9Ye2eFgaC5Mj9otRMU6IsQ==",
        "dependencies": {
          "Microsoft.Extensions.DependencyInjection.Abstractions": "6.0.0",
          "Microsoft.Extensions.Primitives": "6.0.0"
        }
      },
      "Microsoft.Extensions.Options.ConfigurationExtensions": {
        "type": "Transitive",
        "resolved": "6.0.0",
        "contentHash": "bXWINbTn0vC0FYc9GaQTISbxhQLAMrvtbuvD9N6JelEaIS/Pr62wUCinrq5bf1WRBGczt1v4wDhxFtVFNcMdUQ==",
        "dependencies": {
          "Microsoft.Extensions.Configuration.Abstractions": "6.0.0",
          "Microsoft.Extensions.Configuration.Binder": "6.0.0",
          "Microsoft.Extensions.DependencyInjection.Abstractions": "6.0.0",
          "Microsoft.Extensions.Options": "6.0.0",
          "Microsoft.Extensions.Primitives": "6.0.0"
        }
      },
      "Microsoft.Extensions.Primitives": {
        "type": "Transitive",
        "resolved": "6.0.0",
        "contentHash": "9+PnzmQFfEFNR9J2aDTfJGGupShHjOuGw4VUv+JB044biSHrnmCIMD+mJHmb2H7YryrfBEXDurxQ47gJZdCKNQ=="
      },
      "Microsoft.NET.StringTools": {
        "type": "Transitive",
        "resolved": "17.6.3",
        "contentHash": "N0ZIanl1QCgvUumEL1laasU0a7sOE5ZwLZVTn0pAePnfhq8P7SvTjF8Axq+CnavuQkmdQpGNXQ1efZtu5kDFbA=="
      },
      "Microsoft.VisualStudio.Threading.Only": {
        "type": "Transitive",
        "resolved": "17.13.61",
        "contentHash": "vl5a2URJYCO5m+aZZtNlAXAMz28e2pUotRuoHD7RnCWOCeoyd8hWp5ZBaLNYq4iEj2oeJx5ZxiSboAjVmB20Qg==",
        "dependencies": {
          "Microsoft.VisualStudio.Validation": "17.8.8"
        }
      },
      "Microsoft.VisualStudio.Validation": {
        "type": "Transitive",
        "resolved": "17.8.8",
        "contentHash": "rWXThIpyQd4YIXghNkiv2+VLvzS+MCMKVRDR0GAMlflsdo+YcAN2g2r5U1Ah98OFjQMRexTFtXQQ2LkajxZi3g=="
      },
      "Nerdbank.Streams": {
        "type": "Transitive",
        "resolved": "2.12.87",
        "contentHash": "oDKOeKZ865I5X8qmU3IXMyrAnssYEiYWTobPGdrqubN3RtTzEHIv+D6fwhdcfrdhPJzHjCkK/ORztR/IsnmA6g==",
        "dependencies": {
          "Microsoft.VisualStudio.Threading.Only": "17.13.61",
          "Microsoft.VisualStudio.Validation": "17.8.8"
        }
      },
      "Newtonsoft.Json": {
        "type": "Transitive",
        "resolved": "13.0.3",
        "contentHash": "HrC5BXdl00IP9zeV+0Z848QWPAoCr9P3bDEZguI+gkLcBKAOxix/tLEAAHC+UvDNPv4a2d18lOReHMOagPa+zQ=="
      }
    }
  }
}